// !$*UTF8*$!
{
	archiveVersion = 1;
	classes = {
	};
	objectVersion = 46;
	objects = {

/* Begin PBXBuildFile section */
		A6239FCB1E149DA10014425D /* main.m in Sources */ = {isa = PBXBuildFile; fileRef = A6239FCA1E149DA10014425D /* main.m */; };
		A6239FCE1E149DA10014425D /* AppDelegate.m in Sources */ = {isa = PBXBuildFile; fileRef = A6239FCD1E149DA10014425D /* AppDelegate.m */; };
		A6239FD11E149DA10014425D /* ViewController.m in Sources */ = {isa = PBXBuildFile; fileRef = A6239FD01E149DA10014425D /* ViewController.m */; };
		A6239FD41E149DA10014425D /* Main.storyboard in Resources */ = {isa = PBXBuildFile; fileRef = A6239FD21E149DA10014425D /* Main.storyboard */; };
		A6239FD61E149DA10014425D /* Assets.xcassets in Resources */ = {isa = PBXBuildFile; fileRef = A6239FD51E149DA10014425D /* Assets.xcassets */; };
		A6239FD91E149DA10014425D /* LaunchScreen.storyboard in Resources */ = {isa = PBXBuildFile; fileRef = A6239FD71E149DA10014425D /* LaunchScreen.storyboard */; };
		A6239FEA1E14A5D50014425D /* DynamicItem.m in Sources */ = {isa = PBXBuildFile; fileRef = A6239FE21E14A5D50014425D /* DynamicItem.m */; };
		A6239FEB1E14A5D50014425D /* HHHorizontalPagingView.m in Sources */ = {isa = PBXBuildFile; fileRef = A6239FE41E14A5D50014425D /* HHHorizontalPagingView.m */; };
		A6239FEC1E14A5D50014425D /* UIScrollView+Dragging.m in Sources */ = {isa = PBXBuildFile; fileRef = A6239FE71E14A5D50014425D /* UIScrollView+Dragging.m */; };
		A6239FED1E14A5D50014425D /* UIView+WhenTappedBlocks.m in Sources */ = {isa = PBXBuildFile; fileRef = A6239FE91E14A5D50014425D /* UIView+WhenTappedBlocks.m */; };
		A6239FF31E14A6C30014425D /* ArtTableViewController.m in Sources */ = {isa = PBXBuildFile; fileRef = A6239FF21E14A6C30014425D /* ArtTableViewController.m */; };
		A6239FFA1E14A6EE0014425D /* UIScrollView+SVInfiniteScrolling.m in Sources */ = {isa = PBXBuildFile; fileRef = A6239FF71E14A6EE0014425D /* UIScrollView+SVInfiniteScrolling.m */; };
		A6239FFB1E14A6EE0014425D /* UIScrollView+SVPullToRefresh.m in Sources */ = {isa = PBXBuildFile; fileRef = A6239FF91E14A6EE0014425D /* UIScrollView+SVPullToRefresh.m */; };
/* End PBXBuildFile section */

/* Begin PBXFileReference section */
		A6239FC61E149DA10014425D /* ZW微博个人主页效果.app */ = {isa = PBXFileReference; explicitFileType = wrapper.application; includeInIndex = 0; path = "ZW微博个人主页效果.app"; sourceTree = BUILT_PRODUCTS_DIR; };
		A6239FCA1E149DA10014425D /* main.m */ = {isa = PBXFileReference; lastKnownFileType = sourcecode.c.objc; path = main.m; sourceTree = "<group>"; };
		A6239FCC1E149DA10014425D /* AppDelegate.h */ = {isa = PBXFileReference; lastKnownFileType = sourcecode.c.h; path = AppDelegate.h; sourceTree = "<group>"; };
		A6239FCD1E149DA10014425D /* AppDelegate.m */ = {isa = PBXFileReference; lastKnownFileType = sourcecode.c.objc; path = AppDelegate.m; sourceTree = "<group>"; };
		A6239FCF1E149DA10014425D /* ViewController.h */ = {isa = PBXFileReference; lastKnownFileType = sourcecode.c.h; path = ViewController.h; sourceTree = "<group>"; };
		A6239FD01E149DA10014425D /* ViewController.m */ = {isa = PBXFileReference; lastKnownFileType = sourcecode.c.objc; path = ViewController.m; sourceTree = "<group>"; };
		A6239FD31E149DA10014425D /* Base */ = {isa = PBXFileReference; lastKnownFileType = file.storyboard; name = Base; path = Base.lproj/Main.storyboard; sourceTree = "<group>"; };
		A6239FD51E149DA10014425D /* Assets.xcassets */ = {isa = PBXFileReference; lastKnownFileType = folder.assetcatalog; path = Assets.xcassets; sourceTree = "<group>"; };
		A6239FD81E149DA10014425D /* Base */ = {isa = PBXFileReference; lastKnownFileType = file.storyboard; name = Base; path = Base.lproj/LaunchScreen.storyboard; sourceTree = "<group>"; };
		A6239FDA1E149DA10014425D /* Info.plist */ = {isa = PBXFileReference; lastKnownFileType = text.plist.xml; path = Info.plist; sourceTree = "<group>"; };
		A6239FE11E14A5D50014425D /* DynamicItem.h */ = {isa = PBXFileReference; fileEncoding = 4; lastKnownFileType = sourcecode.c.h; path = DynamicItem.h; sourceTree = "<group>"; };
		A6239FE21E14A5D50014425D /* DynamicItem.m */ = {isa = PBXFileReference; fileEncoding = 4; lastKnownFileType = sourcecode.c.objc; path = DynamicItem.m; sourceTree = "<group>"; };
		A6239FE31E14A5D50014425D /* HHHorizontalPagingView.h */ = {isa = PBXFileReference; fileEncoding = 4; lastKnownFileType = sourcecode.c.h; path = HHHorizontalPagingView.h; sourceTree = "<group>"; };
		A6239FE41E14A5D50014425D /* HHHorizontalPagingView.m */ = {isa = PBXFileReference; fileEncoding = 4; lastKnownFileType = sourcecode.c.objc; path = HHHorizontalPagingView.m; sourceTree = "<group>"; };
		A6239FE51E14A5D50014425D /* JYPagingView.h */ = {isa = PBXFileReference; fileEncoding = 4; lastKnownFileType = sourcecode.c.h; path = JYPagingView.h; sourceTree = "<group>"; };
		A6239FE61E14A5D50014425D /* UIScrollView+Dragging.h */ = {isa = PBXFileReference; fileEncoding = 4; lastKnownFileType = sourcecode.c.h; path = "UIScrollView+Dragging.h"; sourceTree = "<group>"; };
		A6239FE71E14A5D50014425D /* UIScrollView+Dragging.m */ = {isa = PBXFileReference; fileEncoding = 4; lastKnownFileType = sourcecode.c.objc; path = "UIScrollView+Dragging.m"; sourceTree = "<group>"; };
		A6239FE81E14A5D50014425D /* UIView+WhenTappedBlocks.h */ = {isa = PBXFileReference; fileEncoding = 4; lastKnownFileType = sourcecode.c.h; path = "UIView+WhenTappedBlocks.h"; sourceTree = "<group>"; };
		A6239FE91E14A5D50014425D /* UIView+WhenTappedBlocks.m */ = {isa = PBXFileReference; fileEncoding = 4; lastKnownFileType = sourcecode.c.objc; path = "UIView+WhenTappedBlocks.m"; sourceTree = "<group>"; };
		A6239FF11E14A6C30014425D /* ArtTableViewController.h */ = {isa = PBXFileReference; fileEncoding = 4; lastKnownFileType = sourcecode.c.h; path = ArtTableViewController.h; sourceTree = "<group>"; };
		A6239FF21E14A6C30014425D /* ArtTableViewController.m */ = {isa = PBXFileReference; fileEncoding = 4; lastKnownFileType = sourcecode.c.objc; path = ArtTableViewController.m; sourceTree = "<group>"; };
		A6239FF51E14A6EE0014425D /* SVPullToRefresh.h */ = {isa = PBXFileReference; fileEncoding = 4; lastKnownFileType = sourcecode.c.h; path = SVPullToRefresh.h; sourceTree = "<group>"; };
		A6239FF61E14A6EE0014425D /* UIScrollView+SVInfiniteScrolling.h */ = {isa = PBXFileReference; fileEncoding = 4; lastKnownFileType = sourcecode.c.h; path = "UIScrollView+SVInfiniteScrolling.h"; sourceTree = "<group>"; };
		A6239FF71E14A6EE0014425D /* UIScrollView+SVInfiniteScrolling.m */ = {isa = PBXFileReference; fileEncoding = 4; lastKnownFileType = sourcecode.c.objc; path = "UIScrollView+SVInfiniteScrolling.m"; sourceTree = "<group>"; };
		A6239FF81E14A6EE0014425D /* UIScrollView+SVPullToRefresh.h */ = {isa = PBXFileReference; fileEncoding = 4; lastKnownFileType = sourcecode.c.h; path = "UIScrollView+SVPullToRefresh.h"; sourceTree = "<group>"; };
		A6239FF91E14A6EE0014425D /* UIScrollView+SVPullToRefresh.m */ = {isa = PBXFileReference; fileEncoding = 4; lastKnownFileType = sourcecode.c.objc; path = "UIScrollView+SVPullToRefresh.m"; sourceTree = "<group>"; };
/* End PBXFileReference section */

/* Begin PBXFrameworksBuildPhase section */
		A6239FC31E149DA10014425D /* Frameworks */ = {
			isa = PBXFrameworksBuildPhase;
			buildActionMask = 2147483647;
			files = (
			);
			runOnlyForDeploymentPostprocessing = 0;
		};
/* End PBXFrameworksBuildPhase section */

/* Begin PBXGroup section */
		A6239FBD1E149DA10014425D = {
			isa = PBXGroup;
			children = (
				A6239FC81E149DA10014425D /* ZW微博个人主页效果 */,
				A6239FC71E149DA10014425D /* Products */,
			);
			sourceTree = "<group>";
		};
		A6239FC71E149DA10014425D /* Products */ = {
			isa = PBXGroup;
			children = (
				A6239FC61E149DA10014425D /* ZW微博个人主页效果.app */,
			);
			name = Products;
			sourceTree = "<group>";
		};
		A6239FC81E149DA10014425D /* ZW微博个人主页效果 */ = {
			isa = PBXGroup;
			children = (
				A6239FF41E14A6EE0014425D /* SVPullToRefresh */,
				A6239FE01E14A5D50014425D /* HHHorizontalPagingView */,
				A6239FCC1E149DA10014425D /* AppDelegate.h */,
				A6239FCD1E149DA10014425D /* AppDelegate.m */,
				A6239FCF1E149DA10014425D /* ViewController.h */,
				A6239FD01E149DA10014425D /* ViewController.m */,
				A6239FF11E14A6C30014425D /* ArtTableViewController.h */,
				A6239FF21E14A6C30014425D /* ArtTableViewController.m */,
				A6239FD21E149DA10014425D /* Main.storyboard */,
				A6239FD51E149DA10014425D /* Assets.xcassets */,
				A6239FD71E149DA10014425D /* LaunchScreen.storyboard */,
				A6239FDA1E149DA10014425D /* Info.plist */,
				A6239FC91E149DA10014425D /* Supporting Files */,
			);
			path = "ZW微博个人主页效果";
			sourceTree = "<group>";
		};
		A6239FC91E149DA10014425D /* Supporting Files */ = {
			isa = PBXGroup;
			children = (
				A6239FCA1E149DA10014425D /* main.m */,
			);
			name = "Supporting Files";
			sourceTree = "<group>";
		};
		A6239FE01E14A5D50014425D /* HHHorizontalPagingView */ = {
			isa = PBXGroup;
			children = (
				A6239FE11E14A5D50014425D /* DynamicItem.h */,
				A6239FE21E14A5D50014425D /* DynamicItem.m */,
				A6239FE31E14A5D50014425D /* HHHorizontalPagingView.h */,
				A6239FE41E14A5D50014425D /* HHHorizontalPagingView.m */,
				A6239FE51E14A5D50014425D /* JYPagingView.h */,
				A6239FE61E14A5D50014425D /* UIScrollView+Dragging.h */,
				A6239FE71E14A5D50014425D /* UIScrollView+Dragging.m */,
				A6239FE81E14A5D50014425D /* UIView+WhenTappedBlocks.h */,
				A6239FE91E14A5D50014425D /* UIView+WhenTappedBlocks.m */,
			);
			path = HHHorizontalPagingView;
			sourceTree = "<group>";
		};
		A6239FF41E14A6EE0014425D /* SVPullToRefresh */ = {
			isa = PBXGroup;
			children = (
				A6239FF51E14A6EE0014425D /* SVPullToRefresh.h */,
				A6239FF61E14A6EE0014425D /* UIScrollView+SVInfiniteScrolling.h */,
				A6239FF71E14A6EE0014425D /* UIScrollView+SVInfiniteScrolling.m */,
				A6239FF81E14A6EE0014425D /* UIScrollView+SVPullToRefresh.h */,
				A6239FF91E14A6EE0014425D /* UIScrollView+SVPullToRefresh.m */,
			);
			path = SVPullToRefresh;
			sourceTree = "<group>";
		};
/* End PBXGroup section */

/* Begin PBXNativeTarget section */
		A6239FC51E149DA10014425D /* ZW微博个人主页效果 */ = {
			isa = PBXNativeTarget;
			buildConfigurationList = A6239FDD1E149DA10014425D /* Build configuration list for PBXNativeTarget "ZW微博个人主页效果" */;
			buildPhases = (
				A6239FC21E149DA10014425D /* Sources */,
				A6239FC31E149DA10014425D /* Frameworks */,
				A6239FC41E149DA10014425D /* Resources */,
			);
			buildRules = (
			);
			dependencies = (
			);
			name = "ZW微博个人主页效果";
			productName = "ZW微博个人主页效果";
			productReference = A6239FC61E149DA10014425D /* ZW微博个人主页效果.app */;
			productType = "com.apple.product-type.application";
		};
/* End PBXNativeTarget section */

/* Begin PBXProject section */
		A6239FBE1E149DA10014425D /* Project object */ = {
			isa = PBXProject;
			attributes = {
				LastUpgradeCheck = 0810;
				ORGANIZATIONNAME = gmjr;
				TargetAttributes = {
					A6239FC51E149DA10014425D = {
						CreatedOnToolsVersion = 8.1;
						ProvisioningStyle = Automatic;
					};
				};
			};
			buildConfigurationList = A6239FC11E149DA10014425D /* Build configuration list for PBXProject "ZW微博个人主页效果" */;
			compatibilityVersion = "Xcode 3.2";
			developmentRegion = English;
			hasScannedForEncodings = 0;
			knownRegions = (
				en,
				Base,
			);
			mainGroup = A6239FBD1E149DA10014425D;
			productRefGroup = A6239FC71E149DA10014425D /* Products */;
			projectDirPath = "";
			projectRoot = "";
			targets = (
				A6239FC51E149DA10014425D /* ZW微博个人主页效果 */,
			);
		};
/* End PBXProject section */

/* Begin PBXResourcesBuildPhase section */
		A6239FC41E149DA10014425D /* Resources */ = {
			isa = PBXResourcesBuildPhase;
			buildActionMask = 2147483647;
			files = (
				A6239FD91E149DA10014425D /* LaunchScreen.storyboard in Resources */,
				A6239FD61E149DA10014425D /* Assets.xcassets in Resources */,
				A6239FD41E149DA10014425D /* Main.storyboard in Resources */,
			);
			runOnlyForDeploymentPostprocessing = 0;
		};
/* End PBXResourcesBuildPhase section */

/* Begin PBXSourcesBuildPhase section */
		A6239FC21E149DA10014425D /* Sources */ = {
			isa = PBXSourcesBuildPhase;
			buildActionMask = 2147483647;
			files = (
				A6239FEA1E14A5D50014425D /* DynamicItem.m in Sources */,
				A6239FD11E149DA10014425D /* ViewController.m in Sources */,
				A6239FFA1E14A6EE0014425D /* UIScrollView+SVInfiniteScrolling.m in Sources */,
				A6239FEB1E14A5D50014425D /* HHHorizontalPagingView.m in Sources */,
				A6239FFB1E14A6EE0014425D /* UIScrollView+SVPullToRefresh.m in Sources */,
				A6239FCE1E149DA10014425D /* AppDelegate.m in Sources */,
				A6239FEC1E14A5D50014425D /* UIScrollView+Dragging.m in Sources */,
				A6239FED1E14A5D50014425D /* UIView+WhenTappedBlocks.m in Sources */,
				A6239FF31E14A6C30014425D /* ArtTableViewController.m in Sources */,
				A6239FCB1E149DA10014425D /* main.m in Sources */,
			);
			runOnlyForDeploymentPostprocessing = 0;
		};
/* End PBXSourcesBuildPhase section */

/* Begin PBXVariantGroup section */
		A6239FD21E149DA10014425D /* Main.storyboard */ = {
			isa = PBXVariantGroup;
			children = (
				A6239FD31E149DA10014425D /* Base */,
			);
			name = Main.storyboard;
			sourceTree = "<group>";
		};
		A6239FD71E149DA10014425D /* LaunchScreen.storyboard */ = {
			isa = PBXVariantGroup;
			children = (
				A6239FD81E149DA10014425D /* Base */,
			);
			name = LaunchScreen.storyboard;
			sourceTree = "<group>";
		};
/* End PBXVariantGroup section */

/* Begin XCBuildConfiguration section */
		A6239FDB1E149DA10014425D /* Debug */ = {
			isa = XCBuildConfiguration;
			buildSettings = {
				ALWAYS_SEARCH_USER_PATHS = NO;
				CLANG_ANALYZER_NONNULL = YES;
				CLANG_CXX_LANGUAGE_STANDARD = "gnu++0x";
				CLANG_CXX_LIBRARY = "libc++";
				CLANG_ENABLE_MODULES = YES;
				CLANG_ENABLE_OBJC_ARC = YES;
				CLANG_WARN_BOOL_CONVERSION = YES;
				CLANG_WARN_CONSTANT_CONVERSION = YES;
				CLANG_WARN_DIRECT_OBJC_ISA_USAGE = YES_ERROR;
				CLANG_WARN_DOCUMENTATION_COMMENTS = YES;
				CLANG_WARN_EMPTY_BODY = YES;
				CLANG_WARN_ENUM_CONVERSION = YES;
				CLANG_WARN_INFINITE_RECURSION = YES;
				CLANG_WARN_INT_CONVERSION = YES;
				CLANG_WARN_OBJC_ROOT_CLASS = YES_ERROR;
				CLANG_WARN_SUSPICIOUS_MOVES = YES;
				CLANG_WARN_UNREACHABLE_CODE = YES;
				CLANG_WARN__DUPLICATE_METHOD_MATCH = YES;
				"CODE_SIGN_IDENTITY[sdk=iphoneos*]" = "iPhone Developer";
				COPY_PHASE_STRIP = NO;
				DEBUG_INFORMATION_FORMAT = dwarf;
				ENABLE_STRICT_OBJC_MSGSEND = YES;
				ENABLE_TESTABILITY = YES;
				GCC_C_LANGUAGE_STANDARD = gnu99;
				GCC_DYNAMIC_NO_PIC = NO;
				GCC_NO_COMMON_BLOCKS = YES;
				GCC_OPTIMIZATION_LEVEL = 0;
				GCC_PREPROCESSOR_DEFINITIONS = (
					"DEBUG=1",
					"$(inherited)",
				);
				GCC_WARN_64_TO_32_BIT_CONVERSION = YES;
				GCC_WARN_ABOUT_RETURN_TYPE = YES_ERROR;
				GCC_WARN_UNDECLARED_SELECTOR = YES;
				GCC_WARN_UNINITIALIZED_AUTOS = YES_AGGRESSIVE;
				GCC_WARN_UNUSED_FUNCTION = YES;
				GCC_WARN_UNUSED_VARIABLE = YES;
				IPHONEOS_DEPLOYMENT_TARGET = 10.1;
				MTL_ENABLE_DEBUG_INFO = YES;
				ONLY_ACTIVE_ARCH = YES;
				SDKROOT = iphoneos;
			};
			name = Debug;
		};
		A6239FDC1E149DA10014425D /* Release */ = {
			isa = XCBuildConfiguration;
			buildSettings = {
				ALWAYS_SEARCH_USER_PATHS = NO;
				CLANG_ANALYZER_NONNULL = YES;
				CLANG_CXX_LANGUAGE_STANDARD = "gnu++0x";
				CLANG_CXX_LIBRARY = "libc++";
				CLANG_ENABLE_MODULES = YES;
				CLANG_ENABLE_OBJC_ARC = YES;
				CLANG_WARN_BOOL_CONVERSION = YES;
				CLANG_WARN_CONSTANT_CONVERSION = YES;
				CLANG_WARN_DIRECT_OBJC_ISA_USAGE = YES_ERROR;
				CLANG_WARN_DOCUMENTATION_COMMENTS = YES;
				CLANG_WARN_EMPTY_BODY = YES;
				CLANG_WARN_ENUM_CONVERSION = YES;
				CLANG_WARN_INFINITE_RECURSION = YES;
				CLANG_WARN_INT_CONVERSION = YES;
				CLANG_WARN_OBJC_ROOT_CLASS = YES_ERROR;
				CLANG_WARN_SUSPICIOUS_MOVES = YES;
				CLANG_WARN_UNREACHABLE_CODE = YES;
				CLANG_WARN__DUPLICATE_METHOD_MATCH = YES;
				"CODE_SIGN_IDENTITY[sdk=iphoneos*]" = "iPhone Developer";
				COPY_PHASE_STRIP = NO;
				DEBUG_INFORMATION_FORMAT = "dwarf-with-dsym";
				ENABLE_NS_ASSERTIONS = NO;
				ENABLE_STRICT_OBJC_MSGSEND = YES;
				GCC_C_LANGUAGE_STANDARD = gnu99;
				GCC_NO_COMMON_BLOCKS = YES;
				GCC_WARN_64_TO_32_BIT_CONVERSION = YES;
				GCC_WARN_ABOUT_RETURN_TYPE = YES_ERROR;
				GCC_WARN_UNDECLARED_SELECTOR = YES;
				GCC_WARN_UNINITIALIZED_AUTOS = YES_AGGRESSIVE;
				GCC_WARN_UNUSED_FUNCTION = YES;
				GCC_WARN_UNUSED_VARIABLE = YES;
				IPHONEOS_DEPLOYMENT_TARGET = 10.1;
				MTL_ENABLE_DEBUG_INFO = NO;
				SDKROOT = iphoneos;
				VALIDATE_PRODUCT = YES;
			};
			name = Release;
		};
		A6239FDE1E149DA10014425D /* Debug */ = {
			isa = XCBuildConfiguration;
			buildSettings = {
				ASSETCATALOG_COMPILER_APPICON_NAME = AppIcon;
				INFOPLIST_FILE = "ZW微博个人主页效果/Info.plist";
				LD_RUNPATH_SEARCH_PATHS = "$(inherited) @executable_path/Frameworks";
				PRODUCT_BUNDLE_IDENTIFIER = "com.hna.gmjrproject.ZW--------";
				PRODUCT_NAME = "$(TARGET_NAME)";
			};
			name = Debug;
		};
		A6239FDF1E149DA10014425D /* Release */ = {
			isa = XCBuildConfiguration;
			buildSettings = {
				ASSETCATALOG_COMPILER_APPICON_NAME = AppIcon;
				INFOPLIST_FILE = "ZW微博个人主页效果/Info.plist";
				LD_RUNPATH_SEARCH_PATHS = "$(inherited) @executable_path/Frameworks";
				PRODUCT_BUNDLE_IDENTIFIER = "com.hna.gmjrproject.ZW--------";
				PRODUCT_NAME = "$(TARGET_NAME)";
			};
			name = Release;
		};
/* End XCBuildConfiguration section */

/* Begin XCConfigurationList section */
		A6239FC11E149DA10014425D /* Build configuration list for PBXProject "ZW微博个人主页效果" */ = {
			isa = XCConfigurationList;
			buildConfigurations = (
				A6239FDB1E149DA10014425D /* Debug */,
				A6239FDC1E149DA10014425D /* Release */,
			);
			defaultConfigurationIsVisible = 0;
			defaultConfigurationName = Release;
		};
		A6239FDD1E149DA10014425D /* Build configuration list for PBXNativeTarget "ZW微博个人主页效果" */ = {
			isa = XCConfigurationList;
			buildConfigurations = (
				A6239FDE1E149DA10014425D /* Debug */,
				A6239FDF1E149DA10014425D /* Release */,
			);
			defaultConfigurationIsVisible = 0;
		};
/* End XCConfigurationList section */
	};
	rootObject = A6239FBE1E149DA10014425D /* Project object */;
}
